
Microsoft Visual Studio Solution File, Format Version 12.00
# Visual Studio Version 16
VisualStudioVersion = 16.0.29009.5
MinimumVisualStudioVersion = 10.0.40219.1
Project("{9A19103F-16F7-4668-BE54-9A1E7A4F7556}") = "Library.WebApplication", "Library.WebApplication.csproj", "{29A4F9DA-545B-496F-A608-60D424E8341F}"
EndProject
Project("{9A19103F-16F7-4668-BE54-9A1E7A4F7556}") = "Library.DataAccess", "..\Library.DataAccess\Library.DataAccess.csproj", "{9E4A922D-2C23-4184-A4A3-6507838038C2}"
EndProject
Project("{9A19103F-16F7-4668-BE54-9A1E7A4F7556}") = "Library.BusinessLogic", "..\Library.BusinessLogic\Library.BusinessLogic.csproj", "{94F2A4C2-1EA9-4CB7-8719-69026BFC0530}"
EndProject
Project("{FAE04EC0-301F-11D3-BF4B-00C04F79EFBC}") = "Library.WebAngular", "..\Library.WebAngular\Library.WebAngular.csproj", "{9F4DFBEC-050D-4F96-B44A-46C6766D3AD9}"
EndProject
Global
	GlobalSection(SolutionConfigurationPlatforms) = preSolution
		Debug|Any CPU = Debug|Any CPU
		Release|Any CPU = Release|Any CPU
	EndGlobalSection
	GlobalSection(ProjectConfigurationPlatforms) = postSolution
		{29A4F9DA-545B-496F-A608-60D424E8341F}.Debug|Any CPU.ActiveCfg = Debug|Any CPU
		{29A4F9DA-545B-496F-A608-60D424E8341F}.Debug|Any CPU.Build.0 = Debug|Any CPU
		{29A4F9DA-545B-496F-A608-60D424E8341F}.Release|Any CPU.ActiveCfg = Release|Any CPU
		{29A4F9DA-545B-496F-A608-60D424E8341F}.Release|Any CPU.Build.0 = Release|Any CPU
		{9E4A922D-2C23-4184-A4A3-6507838038C2}.Debug|Any CPU.ActiveCfg = Debug|Any CPU
		{9E4A922D-2C23-4184-A4A3-6507838038C2}.Debug|Any CPU.Build.0 = Debug|Any CPU
		{9E4A922D-2C23-4184-A4A3-6507838038C2}.Release|Any CPU.ActiveCfg = Release|Any CPU
		{9E4A922D-2C23-4184-A4A3-6507838038C2}.Release|Any CPU.Build.0 = Release|Any CPU
		{94F2A4C2-1EA9-4CB7-8719-69026BFC0530}.Debug|Any CPU.ActiveCfg = Debug|Any CPU
		{94F2A4C2-1EA9-4CB7-8719-69026BFC0530}.Debug|Any CPU.Build.0 = Debug|Any CPU
		{94F2A4C2-1EA9-4CB7-8719-69026BFC0530}.Release|Any CPU.ActiveCfg = Release|Any CPU
		{94F2A4C2-1EA9-4CB7-8719-69026BFC0530}.Release|Any CPU.Build.0 = Release|Any CPU
		{9F4DFBEC-050D-4F96-B44A-46C6766D3AD9}.Debug|Any CPU.ActiveCfg = Debug|Any CPU
		{9F4DFBEC-050D-4F96-B44A-46C6766D3AD9}.Debug|Any CPU.Build.0 = Debug|Any CPU
		{9F4DFBEC-050D-4F96-B44A-46C6766D3AD9}.Release|Any CPU.ActiveCfg = Release|Any CPU
		{9F4DFBEC-050D-4F96-B44A-46C6766D3AD9}.Release|Any CPU.Build.0 = Release|Any CPU
	EndGlobalSection
	GlobalSection(SolutionProperties) = preSolution
		HideSolutionNode = FALSE
	EndGlobalSection
	GlobalSection(ExtensibilityGlobals) = postSolution
		SolutionGuid = {69517B68-6AD5-40B2-823B-76DECFFF6685}
	EndGlobalSection
EndGlobal
